
Microsoft Visual Studio Solution File, Format Version 12.00
# Visual Studio 15
VisualStudioVersion = 15.0.27004.2006
MinimumVisualStudioVersion = 10.0.40219.1
Project("{FAE04EC0-301F-11D3-BF4B-00C04F79EFBC}") = "CSharpLibrary", "CSharpLibrary\CSharpLibrary.csproj", "{2D2EB36E-E4F9-4059-A0E7-F2D31D5D6264}"
EndProject
Project("{FAE04EC0-301F-11D3-BF4B-00C04F79EFBC}") = "0.01_Intro", "0.01_Intro\0.01_Intro.csproj", "{7A453EA3-9DD8-4EBD-B76F-20C89570B998}"
EndProject
Project("{FAE04EC0-301F-11D3-BF4B-00C04F79EFBC}") = "0.02_BasicTypes", "0.02_BasicTypes\0.02_BasicTypes.csproj", "{97065F8D-7EEB-44B9-95B7-C7B095DC4491}"
EndProject
Project("{FAE04EC0-301F-11D3-BF4B-00C04F79EFBC}") = "0.02_BasicTypesChallenges", "0.02_BasicTypesChallenges\0.02_BasicTypesChallenges.csproj", "{448451B8-CB89-4FD8-BC31-337047CAD264}"
EndProject
Project("{FAE04EC0-301F-11D3-BF4B-00C04F79EFBC}") = "0.03_Strings", "0.03_Strings\0.03_Strings.csproj", "{746A1C45-7A92-4DE9-864A-117CAFB0FDF4}"
EndProject
Project("{FAE04EC0-301F-11D3-BF4B-00C04F79EFBC}") = "0.03_StringsChallenges", "0.03_StringsChallenges\0.03_StringsChallenges.csproj", "{EE8B015A-74FF-4BBA-9685-9637CF365AC4}"
EndProject
Project("{FAE04EC0-301F-11D3-BF4B-00C04F79EFBC}") = "0.04_Conditionals", "0.04_Conditionals\0.04_Conditionals.csproj", "{A902EBEE-14A8-4C1B-8C96-5B1B3DB165FF}"
EndProject
Project("{FAE04EC0-301F-11D3-BF4B-00C04F79EFBC}") = "0.05_Switch", "0.05_Switch\0.05_Switch.csproj", "{712A543A-0503-4AE1-8824-031FAD651B9E}"
EndProject
Project("{FAE04EC0-301F-11D3-BF4B-00C04F79EFBC}") = "0.06_ForLoops", "0.06_ForLoops\0.06_ForLoops.csproj", "{0092AAC4-082C-4F93-8782-59CE48F4C056}"
EndProject
Project("{FAE04EC0-301F-11D3-BF4B-00C04F79EFBC}") = "0.06_LoopsChallenge", "0.06_LoopsChallenge\0.06_LoopsChallenge.csproj", "{D70A9D65-BF2E-4BD5-B0C3-D5BBD1F00AC5}"
EndProject
Project("{FAE04EC0-301F-11D3-BF4B-00C04F79EFBC}") = "0.07_Objects", "0.07_Objects\0.07_Objects.csproj", "{783BD896-287F-4068-ABF6-49AEBEF4306E}"
EndProject
Project("{FAE04EC0-301F-11D3-BF4B-00C04F79EFBC}") = "0.07_ObjectsChallenges", "0.07_ObjectsChallenges\0.07_ObjectsChallenges.csproj", "{F1D52E71-BE37-40C9-BBCF-8D3DF53B921E}"
EndProject
Project("{FAE04EC0-301F-11D3-BF4B-00C04F79EFBC}") = "0.08_ArraysChallenges", "0.08_ArraysChallenges\0.08_ArraysChallenges.csproj", "{D3721FB9-2F74-4EF3-9474-BB6D39CA51EC}"
EndProject
Project("{FAE04EC0-301F-11D3-BF4B-00C04F79EFBC}") = "1.01_Euler1", "1.01_Euler1\1.01_Euler1.csproj", "{7115E1B7-4AD1-4122-9762-5634B07BEEBD}"
EndProject
Project("{FAE04EC0-301F-11D3-BF4B-00C04F79EFBC}") = "1.02_Euler2", "1.02_Euler2\1.02_Euler2.csproj", "{7964CE76-4792-4854-B621-7D692B203872}"
EndProject
Project("{FAE04EC0-301F-11D3-BF4B-00C04F79EFBC}") = "0.09_DictionaryChallenges", "0.09_DictionaryChallenges\0.09_DictionaryChallenges.csproj", "{8E859066-8421-4E95-8E2B-5E85E4784959}"
EndProject
Project("{FAE04EC0-301F-11D3-BF4B-00C04F79EFBC}") = "1.03_Euler3", "1.03_Euler3\1.03_Euler3.csproj", "{FCF349EB-9555-43D6-B460-E260BBAB2F11}"
EndProject
Project("{FAE04EC0-301F-11D3-BF4B-00C04F79EFBC}") = "0.10_Constructors", "0.10_Constructors\0.10_Constructors.csproj", "{DC11CE2E-7BDA-43E2-A11C-1688A670C382}"
EndProject
Project("{FAE04EC0-301F-11D3-BF4B-00C04F79EFBC}") = "0.10_ConstructorChallenges", "0.10_ConstructorChallenges\0.10_ConstructorChallenges.csproj", "{84274855-55E8-4AE7-99BB-27042B025CF9}"
EndProject
Project("{FAE04EC0-301F-11D3-BF4B-00C04F79EFBC}") = "0.11_OOPGame", "0.11_OOPGame\0.11_OOPGame.csproj", "{5B471BBA-E03A-4ED0-AEA6-88FB1D99B39E}"
EndProject
Project("{FAE04EC0-301F-11D3-BF4B-00C04F79EFBC}") = "0.12_OOP_Game_BuildAlong", "0.12_OOP_Game_BuildAlong\0.12_OOP_Game_BuildAlong.csproj", "{D44AB8AA-8877-4343-84DD-5D733C017D5F}"
EndProject
Project("{FAE04EC0-301F-11D3-BF4B-00C04F79EFBC}") = "ConsoleGame", "ConsoleGame\ConsoleGame.csproj", "{580E4AFB-AA54-4FE4-B5F1-6ADB570D5417}"
EndProject
Project("{FAE04EC0-301F-11D3-BF4B-00C04F79EFBC}") = "0.13_MethodsOverloading", "0.13_MethodsOverloading\0.13_MethodsOverloading.csproj", "{F512BE8C-E20C-4ECA-B741-854D3F03F9C0}"
EndProject
Project("{FAE04EC0-301F-11D3-BF4B-00C04F79EFBC}") = "0.14_GetterSetters", "0.14_GetterSetters\0.14_GetterSetters.csproj", "{95D4EF30-F1FB-468E-A666-E24E13478BA0}"
EndProject
Project("{FAE04EC0-301F-11D3-BF4B-00C04F79EFBC}") = "0.14_Override", "0.14_Override\0.14_Override.csproj", "{02734EEF-8830-4FD4-BAA1-A0B7C876FC19}"
EndProject
Project("{FAE04EC0-301F-11D3-BF4B-00C04F79EFBC}") = "0.15_LINQ", "0.15_LINQ\0.15_LINQ.csproj", "{4F503F06-054A-4BEE-9DC1-743A82D0BA84}"
EndProject
Project("{FAE04EC0-301F-11D3-BF4B-00C04F79EFBC}") = "0.16_QuizOne", "0.16_QuizOne\0.16_QuizOne.csproj", "{A5A0D7E2-5BF1-49B3-89BA-289E25C0E652}"
EndProject
Project("{FAE04EC0-301F-11D3-BF4B-00C04F79EFBC}") = "0.17_Interfaces_Collections_Pseudo", "0.17_Interfaces_Collections_Pseudo\0.17_Interfaces_Collections_Pseudo.csproj", "{BA7A2780-FE32-4E3B-87ED-7F0EAA928FED}"
EndProject
Global
	GlobalSection(SolutionConfigurationPlatforms) = preSolution
		Debug|Any CPU = Debug|Any CPU
		Release|Any CPU = Release|Any CPU
	EndGlobalSection
	GlobalSection(ProjectConfigurationPlatforms) = postSolution
		{2D2EB36E-E4F9-4059-A0E7-F2D31D5D6264}.Debug|Any CPU.ActiveCfg = Debug|Any CPU
		{2D2EB36E-E4F9-4059-A0E7-F2D31D5D6264}.Debug|Any CPU.Build.0 = Debug|Any CPU
		{2D2EB36E-E4F9-4059-A0E7-F2D31D5D6264}.Release|Any CPU.ActiveCfg = Release|Any CPU
		{2D2EB36E-E4F9-4059-A0E7-F2D31D5D6264}.Release|Any CPU.Build.0 = Release|Any CPU
		{7A453EA3-9DD8-4EBD-B76F-20C89570B998}.Debug|Any CPU.ActiveCfg = Debug|Any CPU
		{7A453EA3-9DD8-4EBD-B76F-20C89570B998}.Debug|Any CPU.Build.0 = Debug|Any CPU
		{7A453EA3-9DD8-4EBD-B76F-20C89570B998}.Release|Any CPU.ActiveCfg = Release|Any CPU
		{7A453EA3-9DD8-4EBD-B76F-20C89570B998}.Release|Any CPU.Build.0 = Release|Any CPU
		{97065F8D-7EEB-44B9-95B7-C7B095DC4491}.Debug|Any CPU.ActiveCfg = Debug|Any CPU
		{97065F8D-7EEB-44B9-95B7-C7B095DC4491}.Debug|Any CPU.Build.0 = Debug|Any CPU
		{97065F8D-7EEB-44B9-95B7-C7B095DC4491}.Release|Any CPU.ActiveCfg = Release|Any CPU
		{97065F8D-7EEB-44B9-95B7-C7B095DC4491}.Release|Any CPU.Build.0 = Release|Any CPU
		{448451B8-CB89-4FD8-BC31-337047CAD264}.Debug|Any CPU.ActiveCfg = Debug|Any CPU
		{448451B8-CB89-4FD8-BC31-337047CAD264}.Debug|Any CPU.Build.0 = Debug|Any CPU
		{448451B8-CB89-4FD8-BC31-337047CAD264}.Release|Any CPU.ActiveCfg = Release|Any CPU
		{448451B8-CB89-4FD8-BC31-337047CAD264}.Release|Any CPU.Build.0 = Release|Any CPU
		{746A1C45-7A92-4DE9-864A-117CAFB0FDF4}.Debug|Any CPU.ActiveCfg = Debug|Any CPU
		{746A1C45-7A92-4DE9-864A-117CAFB0FDF4}.Debug|Any CPU.Build.0 = Debug|Any CPU
		{746A1C45-7A92-4DE9-864A-117CAFB0FDF4}.Release|Any CPU.ActiveCfg = Release|Any CPU
		{746A1C45-7A92-4DE9-864A-117CAFB0FDF4}.Release|Any CPU.Build.0 = Release|Any CPU
		{EE8B015A-74FF-4BBA-9685-9637CF365AC4}.Debug|Any CPU.ActiveCfg = Debug|Any CPU
		{EE8B015A-74FF-4BBA-9685-9637CF365AC4}.Debug|Any CPU.Build.0 = Debug|Any CPU
		{EE8B015A-74FF-4BBA-9685-9637CF365AC4}.Release|Any CPU.ActiveCfg = Release|Any CPU
		{EE8B015A-74FF-4BBA-9685-9637CF365AC4}.Release|Any CPU.Build.0 = Release|Any CPU
		{A902EBEE-14A8-4C1B-8C96-5B1B3DB165FF}.Debug|Any CPU.ActiveCfg = Debug|Any CPU
		{A902EBEE-14A8-4C1B-8C96-5B1B3DB165FF}.Debug|Any CPU.Build.0 = Debug|Any CPU
		{A902EBEE-14A8-4C1B-8C96-5B1B3DB165FF}.Release|Any CPU.ActiveCfg = Release|Any CPU
		{A902EBEE-14A8-4C1B-8C96-5B1B3DB165FF}.Release|Any CPU.Build.0 = Release|Any CPU
		{712A543A-0503-4AE1-8824-031FAD651B9E}.Debug|Any CPU.ActiveCfg = Debug|Any CPU
		{712A543A-0503-4AE1-8824-031FAD651B9E}.Debug|Any CPU.Build.0 = Debug|Any CPU
		{712A543A-0503-4AE1-8824-031FAD651B9E}.Release|Any CPU.ActiveCfg = Release|Any CPU
		{712A543A-0503-4AE1-8824-031FAD651B9E}.Release|Any CPU.Build.0 = Release|Any CPU
		{0092AAC4-082C-4F93-8782-59CE48F4C056}.Debug|Any CPU.ActiveCfg = Debug|Any CPU
		{0092AAC4-082C-4F93-8782-59CE48F4C056}.Debug|Any CPU.Build.0 = Debug|Any CPU
		{0092AAC4-082C-4F93-8782-59CE48F4C056}.Release|Any CPU.ActiveCfg = Release|Any CPU
		{0092AAC4-082C-4F93-8782-59CE48F4C056}.Release|Any CPU.Build.0 = Release|Any CPU
		{D70A9D65-BF2E-4BD5-B0C3-D5BBD1F00AC5}.Debug|Any CPU.ActiveCfg = Debug|Any CPU
		{D70A9D65-BF2E-4BD5-B0C3-D5BBD1F00AC5}.Debug|Any CPU.Build.0 = Debug|Any CPU
		{D70A9D65-BF2E-4BD5-B0C3-D5BBD1F00AC5}.Release|Any CPU.ActiveCfg = Release|Any CPU
		{D70A9D65-BF2E-4BD5-B0C3-D5BBD1F00AC5}.Release|Any CPU.Build.0 = Release|Any CPU
		{783BD896-287F-4068-ABF6-49AEBEF4306E}.Debug|Any CPU.ActiveCfg = Debug|Any CPU
		{783BD896-287F-4068-ABF6-49AEBEF4306E}.Debug|Any CPU.Build.0 = Debug|Any CPU
		{783BD896-287F-4068-ABF6-49AEBEF4306E}.Release|Any CPU.ActiveCfg = Release|Any CPU
		{783BD896-287F-4068-ABF6-49AEBEF4306E}.Release|Any CPU.Build.0 = Release|Any CPU
		{F1D52E71-BE37-40C9-BBCF-8D3DF53B921E}.Debug|Any CPU.ActiveCfg = Debug|Any CPU
		{F1D52E71-BE37-40C9-BBCF-8D3DF53B921E}.Debug|Any CPU.Build.0 = Debug|Any CPU
		{F1D52E71-BE37-40C9-BBCF-8D3DF53B921E}.Release|Any CPU.ActiveCfg = Release|Any CPU
		{F1D52E71-BE37-40C9-BBCF-8D3DF53B921E}.Release|Any CPU.Build.0 = Release|Any CPU
		{D3721FB9-2F74-4EF3-9474-BB6D39CA51EC}.Debug|Any CPU.ActiveCfg = Debug|Any CPU
		{D3721FB9-2F74-4EF3-9474-BB6D39CA51EC}.Debug|Any CPU.Build.0 = Debug|Any CPU
		{D3721FB9-2F74-4EF3-9474-BB6D39CA51EC}.Release|Any CPU.ActiveCfg = Release|Any CPU
		{D3721FB9-2F74-4EF3-9474-BB6D39CA51EC}.Release|Any CPU.Build.0 = Release|Any CPU
		{7115E1B7-4AD1-4122-9762-5634B07BEEBD}.Debug|Any CPU.ActiveCfg = Debug|Any CPU
		{7115E1B7-4AD1-4122-9762-5634B07BEEBD}.Debug|Any CPU.Build.0 = Debug|Any CPU
		{7115E1B7-4AD1-4122-9762-5634B07BEEBD}.Release|Any CPU.ActiveCfg = Release|Any CPU
		{7115E1B7-4AD1-4122-9762-5634B07BEEBD}.Release|Any CPU.Build.0 = Release|Any CPU
		{7964CE76-4792-4854-B621-7D692B203872}.Debug|Any CPU.ActiveCfg = Debug|Any CPU
		{7964CE76-4792-4854-B621-7D692B203872}.Debug|Any CPU.Build.0 = Debug|Any CPU
		{7964CE76-4792-4854-B621-7D692B203872}.Release|Any CPU.ActiveCfg = Release|Any CPU
		{7964CE76-4792-4854-B621-7D692B203872}.Release|Any CPU.Build.0 = Release|Any CPU
		{8E859066-8421-4E95-8E2B-5E85E4784959}.Debug|Any CPU.ActiveCfg = Debug|Any CPU
		{8E859066-8421-4E95-8E2B-5E85E4784959}.Debug|Any CPU.Build.0 = Debug|Any CPU
		{8E859066-8421-4E95-8E2B-5E85E4784959}.Release|Any CPU.ActiveCfg = Release|Any CPU
		{8E859066-8421-4E95-8E2B-5E85E4784959}.Release|Any CPU.Build.0 = Release|Any CPU
		{FCF349EB-9555-43D6-B460-E260BBAB2F11}.Debug|Any CPU.ActiveCfg = Debug|Any CPU
		{FCF349EB-9555-43D6-B460-E260BBAB2F11}.Debug|Any CPU.Build.0 = Debug|Any CPU
		{FCF349EB-9555-43D6-B460-E260BBAB2F11}.Release|Any CPU.ActiveCfg = Release|Any CPU
		{FCF349EB-9555-43D6-B460-E260BBAB2F11}.Release|Any CPU.Build.0 = Release|Any CPU
		{DC11CE2E-7BDA-43E2-A11C-1688A670C382}.Debug|Any CPU.ActiveCfg = Debug|Any CPU
		{DC11CE2E-7BDA-43E2-A11C-1688A670C382}.Debug|Any CPU.Build.0 = Debug|Any CPU
		{DC11CE2E-7BDA-43E2-A11C-1688A670C382}.Release|Any CPU.ActiveCfg = Release|Any CPU
		{DC11CE2E-7BDA-43E2-A11C-1688A670C382}.Release|Any CPU.Build.0 = Release|Any CPU
		{84274855-55E8-4AE7-99BB-27042B025CF9}.Debug|Any CPU.ActiveCfg = Debug|Any CPU
		{84274855-55E8-4AE7-99BB-27042B025CF9}.Debug|Any CPU.Build.0 = Debug|Any CPU
		{84274855-55E8-4AE7-99BB-27042B025CF9}.Release|Any CPU.ActiveCfg = Release|Any CPU
		{84274855-55E8-4AE7-99BB-27042B025CF9}.Release|Any CPU.Build.0 = Release|Any CPU
		{5B471BBA-E03A-4ED0-AEA6-88FB1D99B39E}.Debug|Any CPU.ActiveCfg = Debug|Any CPU
		{5B471BBA-E03A-4ED0-AEA6-88FB1D99B39E}.Debug|Any CPU.Build.0 = Debug|Any CPU
		{5B471BBA-E03A-4ED0-AEA6-88FB1D99B39E}.Release|Any CPU.ActiveCfg = Release|Any CPU
		{5B471BBA-E03A-4ED0-AEA6-88FB1D99B39E}.Release|Any CPU.Build.0 = Release|Any CPU
		{D44AB8AA-8877-4343-84DD-5D733C017D5F}.Debug|Any CPU.ActiveCfg = Debug|Any CPU
		{D44AB8AA-8877-4343-84DD-5D733C017D5F}.Debug|Any CPU.Build.0 = Debug|Any CPU
		{D44AB8AA-8877-4343-84DD-5D733C017D5F}.Release|Any CPU.ActiveCfg = Release|Any CPU
		{D44AB8AA-8877-4343-84DD-5D733C017D5F}.Release|Any CPU.Build.0 = Release|Any CPU
		{580E4AFB-AA54-4FE4-B5F1-6ADB570D5417}.Debug|Any CPU.ActiveCfg = Debug|Any CPU
		{580E4AFB-AA54-4FE4-B5F1-6ADB570D5417}.Debug|Any CPU.Build.0 = Debug|Any CPU
		{580E4AFB-AA54-4FE4-B5F1-6ADB570D5417}.Release|Any CPU.ActiveCfg = Release|Any CPU
		{580E4AFB-AA54-4FE4-B5F1-6ADB570D5417}.Release|Any CPU.Build.0 = Release|Any CPU
		{F512BE8C-E20C-4ECA-B741-854D3F03F9C0}.Debug|Any CPU.ActiveCfg = Debug|Any CPU
		{F512BE8C-E20C-4ECA-B741-854D3F03F9C0}.Debug|Any CPU.Build.0 = Debug|Any CPU
		{F512BE8C-E20C-4ECA-B741-854D3F03F9C0}.Release|Any CPU.ActiveCfg = Release|Any CPU
		{F512BE8C-E20C-4ECA-B741-854D3F03F9C0}.Release|Any CPU.Build.0 = Release|Any CPU
		{95D4EF30-F1FB-468E-A666-E24E13478BA0}.Debug|Any CPU.ActiveCfg = Debug|Any CPU
		{95D4EF30-F1FB-468E-A666-E24E13478BA0}.Debug|Any CPU.Build.0 = Debug|Any CPU
		{95D4EF30-F1FB-468E-A666-E24E13478BA0}.Release|Any CPU.ActiveCfg = Release|Any CPU
		{95D4EF30-F1FB-468E-A666-E24E13478BA0}.Release|Any CPU.Build.0 = Release|Any CPU
		{02734EEF-8830-4FD4-BAA1-A0B7C876FC19}.Debug|Any CPU.ActiveCfg = Debug|Any CPU
		{02734EEF-8830-4FD4-BAA1-A0B7C876FC19}.Debug|Any CPU.Build.0 = Debug|Any CPU
		{02734EEF-8830-4FD4-BAA1-A0B7C876FC19}.Release|Any CPU.ActiveCfg = Release|Any CPU
		{02734EEF-8830-4FD4-BAA1-A0B7C876FC19}.Release|Any CPU.Build.0 = Release|Any CPU
		{4F503F06-054A-4BEE-9DC1-743A82D0BA84}.Debug|Any CPU.ActiveCfg = Debug|Any CPU
		{4F503F06-054A-4BEE-9DC1-743A82D0BA84}.Debug|Any CPU.Build.0 = Debug|Any CPU
		{4F503F06-054A-4BEE-9DC1-743A82D0BA84}.Release|Any CPU.ActiveCfg = Release|Any CPU
		{4F503F06-054A-4BEE-9DC1-743A82D0BA84}.Release|Any CPU.Build.0 = Release|Any CPU
		{A5A0D7E2-5BF1-49B3-89BA-289E25C0E652}.Debug|Any CPU.ActiveCfg = Debug|Any CPU
		{A5A0D7E2-5BF1-49B3-89BA-289E25C0E652}.Debug|Any CPU.Build.0 = Debug|Any CPU
		{A5A0D7E2-5BF1-49B3-89BA-289E25C0E652}.Release|Any CPU.ActiveCfg = Release|Any CPU
		{A5A0D7E2-5BF1-49B3-89BA-289E25C0E652}.Release|Any CPU.Build.0 = Release|Any CPU
		{BA7A2780-FE32-4E3B-87ED-7F0EAA928FED}.Debug|Any CPU.ActiveCfg = Debug|Any CPU
		{BA7A2780-FE32-4E3B-87ED-7F0EAA928FED}.Debug|Any CPU.Build.0 = Debug|Any CPU
		{BA7A2780-FE32-4E3B-87ED-7F0EAA928FED}.Release|Any CPU.ActiveCfg = Release|Any CPU
		{BA7A2780-FE32-4E3B-87ED-7F0EAA928FED}.Release|Any CPU.Build.0 = Release|Any CPU
	EndGlobalSection
	GlobalSection(SolutionProperties) = preSolution
		HideSolutionNode = FALSE
	EndGlobalSection
	GlobalSection(ExtensibilityGlobals) = postSolution
		SolutionGuid = {C97E5710-F518-4948-93ED-467DDCBF77D0}
	EndGlobalSection
EndGlobal
