
Microsoft Visual Studio Solution File, Format Version 12.00
# Visual Studio 15
VisualStudioVersion = 15.0.26730.16
MinimumVisualStudioVersion = 10.0.40219.1
Project("{FAE04EC0-301F-11D3-BF4B-00C04F79EFBC}") = "CSharpLibrary", "CSharpLibrary\CSharpLibrary.csproj", "{2D2EB36E-E4F9-4059-A0E7-F2D31D5D6264}"
EndProject
Project("{FAE04EC0-301F-11D3-BF4B-00C04F79EFBC}") = "0.01_Intro", "0.01_Intro\0.01_Intro.csproj", "{7A453EA3-9DD8-4EBD-B76F-20C89570B998}"
EndProject
Project("{FAE04EC0-301F-11D3-BF4B-00C04F79EFBC}") = "0.02_BasicTypes", "0.02_BasicTypes\0.02_BasicTypes.csproj", "{97065F8D-7EEB-44B9-95B7-C7B095DC4491}"
EndProject
Project("{FAE04EC0-301F-11D3-BF4B-00C04F79EFBC}") = "0.02_BasicTypesChallenges", "0.02_BasicTypesChallenges\0.02_BasicTypesChallenges.csproj", "{448451B8-CB89-4FD8-BC31-337047CAD264}"
EndProject
Project("{FAE04EC0-301F-11D3-BF4B-00C04F79EFBC}") = "0.03_Strings", "0.03_Strings\0.03_Strings.csproj", "{746A1C45-7A92-4DE9-864A-117CAFB0FDF4}"
EndProject
Project("{FAE04EC0-301F-11D3-BF4B-00C04F79EFBC}") = "0.03_StringsChallenges", "0.03_StringsChallenges\0.03_StringsChallenges.csproj", "{EE8B015A-74FF-4BBA-9685-9637CF365AC4}"
EndProject
Project("{FAE04EC0-301F-11D3-BF4B-00C04F79EFBC}") = "0.04_Conditionals", "0.04_Conditionals\0.04_Conditionals.csproj", "{A902EBEE-14A8-4C1B-8C96-5B1B3DB165FF}"
EndProject
Project("{FAE04EC0-301F-11D3-BF4B-00C04F79EFBC}") = "0.05_Switch", "0.05_Switch\0.05_Switch.csproj", "{712A543A-0503-4AE1-8824-031FAD651B9E}"
EndProject
Project("{FAE04EC0-301F-11D3-BF4B-00C04F79EFBC}") = "0.06_ForLoops", "0.06_ForLoops\0.06_ForLoops.csproj", "{0092AAC4-082C-4F93-8782-59CE48F4C056}"
EndProject
Project("{FAE04EC0-301F-11D3-BF4B-00C04F79EFBC}") = "0.06_LoopsChallenge", "0.06_LoopsChallenge\0.06_LoopsChallenge.csproj", "{D70A9D65-BF2E-4BD5-B0C3-D5BBD1F00AC5}"
EndProject
Project("{FAE04EC0-301F-11D3-BF4B-00C04F79EFBC}") = "0.06_Fibonacci", "0.06_Fibonacci\0.06_Fibonacci.csproj", "{AFB2806F-435F-4CB9-8EBF-F06D1A63A128}"
EndProject
Global
	GlobalSection(SolutionConfigurationPlatforms) = preSolution
		Debug|Any CPU = Debug|Any CPU
		Release|Any CPU = Release|Any CPU
	EndGlobalSection
	GlobalSection(ProjectConfigurationPlatforms) = postSolution
		{2D2EB36E-E4F9-4059-A0E7-F2D31D5D6264}.Debug|Any CPU.ActiveCfg = Debug|Any CPU
		{2D2EB36E-E4F9-4059-A0E7-F2D31D5D6264}.Debug|Any CPU.Build.0 = Debug|Any CPU
		{2D2EB36E-E4F9-4059-A0E7-F2D31D5D6264}.Release|Any CPU.ActiveCfg = Release|Any CPU
		{2D2EB36E-E4F9-4059-A0E7-F2D31D5D6264}.Release|Any CPU.Build.0 = Release|Any CPU
		{7A453EA3-9DD8-4EBD-B76F-20C89570B998}.Debug|Any CPU.ActiveCfg = Debug|Any CPU
		{7A453EA3-9DD8-4EBD-B76F-20C89570B998}.Debug|Any CPU.Build.0 = Debug|Any CPU
		{7A453EA3-9DD8-4EBD-B76F-20C89570B998}.Release|Any CPU.ActiveCfg = Release|Any CPU
		{7A453EA3-9DD8-4EBD-B76F-20C89570B998}.Release|Any CPU.Build.0 = Release|Any CPU
		{97065F8D-7EEB-44B9-95B7-C7B095DC4491}.Debug|Any CPU.ActiveCfg = Debug|Any CPU
		{97065F8D-7EEB-44B9-95B7-C7B095DC4491}.Debug|Any CPU.Build.0 = Debug|Any CPU
		{97065F8D-7EEB-44B9-95B7-C7B095DC4491}.Release|Any CPU.ActiveCfg = Release|Any CPU
		{97065F8D-7EEB-44B9-95B7-C7B095DC4491}.Release|Any CPU.Build.0 = Release|Any CPU
		{448451B8-CB89-4FD8-BC31-337047CAD264}.Debug|Any CPU.ActiveCfg = Debug|Any CPU
		{448451B8-CB89-4FD8-BC31-337047CAD264}.Debug|Any CPU.Build.0 = Debug|Any CPU
		{448451B8-CB89-4FD8-BC31-337047CAD264}.Release|Any CPU.ActiveCfg = Release|Any CPU
		{448451B8-CB89-4FD8-BC31-337047CAD264}.Release|Any CPU.Build.0 = Release|Any CPU
		{746A1C45-7A92-4DE9-864A-117CAFB0FDF4}.Debug|Any CPU.ActiveCfg = Debug|Any CPU
		{746A1C45-7A92-4DE9-864A-117CAFB0FDF4}.Debug|Any CPU.Build.0 = Debug|Any CPU
		{746A1C45-7A92-4DE9-864A-117CAFB0FDF4}.Release|Any CPU.ActiveCfg = Release|Any CPU
		{746A1C45-7A92-4DE9-864A-117CAFB0FDF4}.Release|Any CPU.Build.0 = Release|Any CPU
		{EE8B015A-74FF-4BBA-9685-9637CF365AC4}.Debug|Any CPU.ActiveCfg = Debug|Any CPU
		{EE8B015A-74FF-4BBA-9685-9637CF365AC4}.Debug|Any CPU.Build.0 = Debug|Any CPU
		{EE8B015A-74FF-4BBA-9685-9637CF365AC4}.Release|Any CPU.ActiveCfg = Release|Any CPU
		{EE8B015A-74FF-4BBA-9685-9637CF365AC4}.Release|Any CPU.Build.0 = Release|Any CPU
		{A902EBEE-14A8-4C1B-8C96-5B1B3DB165FF}.Debug|Any CPU.ActiveCfg = Debug|Any CPU
		{A902EBEE-14A8-4C1B-8C96-5B1B3DB165FF}.Debug|Any CPU.Build.0 = Debug|Any CPU
		{A902EBEE-14A8-4C1B-8C96-5B1B3DB165FF}.Release|Any CPU.ActiveCfg = Release|Any CPU
		{A902EBEE-14A8-4C1B-8C96-5B1B3DB165FF}.Release|Any CPU.Build.0 = Release|Any CPU
		{712A543A-0503-4AE1-8824-031FAD651B9E}.Debug|Any CPU.ActiveCfg = Debug|Any CPU
		{712A543A-0503-4AE1-8824-031FAD651B9E}.Debug|Any CPU.Build.0 = Debug|Any CPU
		{712A543A-0503-4AE1-8824-031FAD651B9E}.Release|Any CPU.ActiveCfg = Release|Any CPU
		{712A543A-0503-4AE1-8824-031FAD651B9E}.Release|Any CPU.Build.0 = Release|Any CPU
		{0092AAC4-082C-4F93-8782-59CE48F4C056}.Debug|Any CPU.ActiveCfg = Debug|Any CPU
		{0092AAC4-082C-4F93-8782-59CE48F4C056}.Debug|Any CPU.Build.0 = Debug|Any CPU
		{0092AAC4-082C-4F93-8782-59CE48F4C056}.Release|Any CPU.ActiveCfg = Release|Any CPU
		{0092AAC4-082C-4F93-8782-59CE48F4C056}.Release|Any CPU.Build.0 = Release|Any CPU
		{D70A9D65-BF2E-4BD5-B0C3-D5BBD1F00AC5}.Debug|Any CPU.ActiveCfg = Debug|Any CPU
		{D70A9D65-BF2E-4BD5-B0C3-D5BBD1F00AC5}.Debug|Any CPU.Build.0 = Debug|Any CPU
		{D70A9D65-BF2E-4BD5-B0C3-D5BBD1F00AC5}.Release|Any CPU.ActiveCfg = Release|Any CPU
		{D70A9D65-BF2E-4BD5-B0C3-D5BBD1F00AC5}.Release|Any CPU.Build.0 = Release|Any CPU
		{AFB2806F-435F-4CB9-8EBF-F06D1A63A128}.Debug|Any CPU.ActiveCfg = Debug|Any CPU
		{AFB2806F-435F-4CB9-8EBF-F06D1A63A128}.Debug|Any CPU.Build.0 = Debug|Any CPU
		{AFB2806F-435F-4CB9-8EBF-F06D1A63A128}.Release|Any CPU.ActiveCfg = Release|Any CPU
		{AFB2806F-435F-4CB9-8EBF-F06D1A63A128}.Release|Any CPU.Build.0 = Release|Any CPU
	EndGlobalSection
	GlobalSection(SolutionProperties) = preSolution
		HideSolutionNode = FALSE
	EndGlobalSection
	GlobalSection(ExtensibilityGlobals) = postSolution
		SolutionGuid = {C97E5710-F518-4948-93ED-467DDCBF77D0}
	EndGlobalSection
EndGlobal
